
Microsoft Visual Studio Solution File, Format Version 12.00
# Visual Studio Version 16
VisualStudioVersion = 16.0.29418.71
MinimumVisualStudioVersion = 10.0.40219.1
Project("{2150E333-8FDC-42A3-9474-1A3956D46DE8}") = "CreationalPatterns", "CreationalPatterns", "{7760F11B-FBB2-4E30-A080-B2C6F9566375}"
EndProject
Project("{2150E333-8FDC-42A3-9474-1A3956D46DE8}") = "StructuralPatterns", "StructuralPatterns", "{A0C77AE9-439D-4AA6-93D1-E460AB0ECD5D}"
EndProject
Project("{FAE04EC0-301F-11D3-BF4B-00C04F79EFBC}") = "BuilderPattern", "CreationalPatterns\BuilderPattern\BuilderPattern.csproj", "{EDFB1580-5A14-4F83-8F04-DDE29E6CA583}"
EndProject
Project("{FAE04EC0-301F-11D3-BF4B-00C04F79EFBC}") = "FactoryPattern", "CreationalPatterns\FactoryPattern\FactoryPattern.csproj", "{7D54B2E9-5976-4DF7-8DE5-A6E84F433A43}"
EndProject
Project("{9A19103F-16F7-4668-BE54-9A1E7A4F7556}") = "PrototypePattern", "CreationalPatterns\PrototypePattern\PrototypePattern.csproj", "{B6C9468A-BC6E-410B-8AD1-1B1D507A6B2F}"
EndProject
Project("{FAE04EC0-301F-11D3-BF4B-00C04F79EFBC}") = "SOLID", "CreationalPatterns\SOLID\SOLID.csproj", "{338B0333-0E89-4E46-8E99-248D79198948}"
EndProject
Project("{9A19103F-16F7-4668-BE54-9A1E7A4F7556}") = "AdapterPattern", "StructuralPatterns\AdapterPattern\AdapterPattern.csproj", "{957FC4AD-F06F-438C-98FB-42C5CCBDAAB3}"
EndProject
Project("{9A19103F-16F7-4668-BE54-9A1E7A4F7556}") = "BridgePattern", "StructuralPatterns\BridgePattern\BridgePattern.csproj", "{70A69B13-1A97-42C3-9568-E29C96680378}"
EndProject
Project("{9A19103F-16F7-4668-BE54-9A1E7A4F7556}") = "CompositePattern", "StructuralPatterns\CompositePattern\CompositePattern.csproj", "{8812886C-8DEC-443D-814D-8ADFC8100C1F}"
EndProject
Project("{9A19103F-16F7-4668-BE54-9A1E7A4F7556}") = "DecoratorPattern", "StructuralPatterns\DecoratorPattern\DecoratorPattern.csproj", "{AAB8D8ED-DFBD-48F5-8ED7-6676F8D2160F}"
EndProject
Project("{9A19103F-16F7-4668-BE54-9A1E7A4F7556}") = "SingletonPattern", "CreationalPatterns\SingletonPattern\SingletonPattern.csproj", "{54186D83-C604-4B53-85AE-4F8FEA7FAEB4}"
EndProject
Project("{9A19103F-16F7-4668-BE54-9A1E7A4F7556}") = "FlyweightPattern", "StructuralPatterns\FlyweightPattern\FlyweightPattern.csproj", "{BC91296E-E9E8-439D-A730-41990CF34D8C}"
EndProject
Project("{2150E333-8FDC-42A3-9474-1A3956D46DE8}") = "BehavioralPattern", "BehavioralPattern", "{DE02C1D3-A7DE-4920-97B6-931AA8D0B54E}"
EndProject
Project("{9A19103F-16F7-4668-BE54-9A1E7A4F7556}") = "ChainOfResponsibilityPattern", "BehavioralPattern\ChainOfResponsibilityPattern\ChainOfResponsibilityPattern.csproj", "{2AC886F0-2CD7-480B-8BFC-045C8B86096E}"
EndProject
Project("{FAE04EC0-301F-11D3-BF4B-00C04F79EFBC}") = "CommandPattern", "BehavioralPattern\CommandPattern\CommandPattern.csproj", "{4A554E61-8FD2-48B8-864F-648F8281B17F}"
EndProject
Global
	GlobalSection(SolutionConfigurationPlatforms) = preSolution
		Debug|Any CPU = Debug|Any CPU
		Release|Any CPU = Release|Any CPU
	EndGlobalSection
	GlobalSection(ProjectConfigurationPlatforms) = postSolution
		{EDFB1580-5A14-4F83-8F04-DDE29E6CA583}.Debug|Any CPU.ActiveCfg = Debug|Any CPU
		{EDFB1580-5A14-4F83-8F04-DDE29E6CA583}.Debug|Any CPU.Build.0 = Debug|Any CPU
		{EDFB1580-5A14-4F83-8F04-DDE29E6CA583}.Release|Any CPU.ActiveCfg = Release|Any CPU
		{EDFB1580-5A14-4F83-8F04-DDE29E6CA583}.Release|Any CPU.Build.0 = Release|Any CPU
		{7D54B2E9-5976-4DF7-8DE5-A6E84F433A43}.Debug|Any CPU.ActiveCfg = Debug|Any CPU
		{7D54B2E9-5976-4DF7-8DE5-A6E84F433A43}.Debug|Any CPU.Build.0 = Debug|Any CPU
		{7D54B2E9-5976-4DF7-8DE5-A6E84F433A43}.Release|Any CPU.ActiveCfg = Release|Any CPU
		{7D54B2E9-5976-4DF7-8DE5-A6E84F433A43}.Release|Any CPU.Build.0 = Release|Any CPU
		{B6C9468A-BC6E-410B-8AD1-1B1D507A6B2F}.Debug|Any CPU.ActiveCfg = Debug|Any CPU
		{B6C9468A-BC6E-410B-8AD1-1B1D507A6B2F}.Debug|Any CPU.Build.0 = Debug|Any CPU
		{B6C9468A-BC6E-410B-8AD1-1B1D507A6B2F}.Release|Any CPU.ActiveCfg = Release|Any CPU
		{B6C9468A-BC6E-410B-8AD1-1B1D507A6B2F}.Release|Any CPU.Build.0 = Release|Any CPU
		{338B0333-0E89-4E46-8E99-248D79198948}.Debug|Any CPU.ActiveCfg = Debug|Any CPU
		{338B0333-0E89-4E46-8E99-248D79198948}.Debug|Any CPU.Build.0 = Debug|Any CPU
		{338B0333-0E89-4E46-8E99-248D79198948}.Release|Any CPU.ActiveCfg = Release|Any CPU
		{338B0333-0E89-4E46-8E99-248D79198948}.Release|Any CPU.Build.0 = Release|Any CPU
		{957FC4AD-F06F-438C-98FB-42C5CCBDAAB3}.Debug|Any CPU.ActiveCfg = Debug|Any CPU
		{957FC4AD-F06F-438C-98FB-42C5CCBDAAB3}.Debug|Any CPU.Build.0 = Debug|Any CPU
		{957FC4AD-F06F-438C-98FB-42C5CCBDAAB3}.Release|Any CPU.ActiveCfg = Release|Any CPU
		{957FC4AD-F06F-438C-98FB-42C5CCBDAAB3}.Release|Any CPU.Build.0 = Release|Any CPU
		{70A69B13-1A97-42C3-9568-E29C96680378}.Debug|Any CPU.ActiveCfg = Debug|Any CPU
		{70A69B13-1A97-42C3-9568-E29C96680378}.Debug|Any CPU.Build.0 = Debug|Any CPU
		{70A69B13-1A97-42C3-9568-E29C96680378}.Release|Any CPU.ActiveCfg = Release|Any CPU
		{70A69B13-1A97-42C3-9568-E29C96680378}.Release|Any CPU.Build.0 = Release|Any CPU
		{8812886C-8DEC-443D-814D-8ADFC8100C1F}.Debug|Any CPU.ActiveCfg = Debug|Any CPU
		{8812886C-8DEC-443D-814D-8ADFC8100C1F}.Debug|Any CPU.Build.0 = Debug|Any CPU
		{8812886C-8DEC-443D-814D-8ADFC8100C1F}.Release|Any CPU.ActiveCfg = Release|Any CPU
		{8812886C-8DEC-443D-814D-8ADFC8100C1F}.Release|Any CPU.Build.0 = Release|Any CPU
		{AAB8D8ED-DFBD-48F5-8ED7-6676F8D2160F}.Debug|Any CPU.ActiveCfg = Debug|Any CPU
		{AAB8D8ED-DFBD-48F5-8ED7-6676F8D2160F}.Debug|Any CPU.Build.0 = Debug|Any CPU
		{AAB8D8ED-DFBD-48F5-8ED7-6676F8D2160F}.Release|Any CPU.ActiveCfg = Release|Any CPU
		{AAB8D8ED-DFBD-48F5-8ED7-6676F8D2160F}.Release|Any CPU.Build.0 = Release|Any CPU
		{54186D83-C604-4B53-85AE-4F8FEA7FAEB4}.Debug|Any CPU.ActiveCfg = Debug|Any CPU
		{54186D83-C604-4B53-85AE-4F8FEA7FAEB4}.Debug|Any CPU.Build.0 = Debug|Any CPU
		{54186D83-C604-4B53-85AE-4F8FEA7FAEB4}.Release|Any CPU.ActiveCfg = Release|Any CPU
		{54186D83-C604-4B53-85AE-4F8FEA7FAEB4}.Release|Any CPU.Build.0 = Release|Any CPU
		{BC91296E-E9E8-439D-A730-41990CF34D8C}.Debug|Any CPU.ActiveCfg = Debug|Any CPU
		{BC91296E-E9E8-439D-A730-41990CF34D8C}.Debug|Any CPU.Build.0 = Debug|Any CPU
		{BC91296E-E9E8-439D-A730-41990CF34D8C}.Release|Any CPU.ActiveCfg = Release|Any CPU
		{BC91296E-E9E8-439D-A730-41990CF34D8C}.Release|Any CPU.Build.0 = Release|Any CPU
		{2AC886F0-2CD7-480B-8BFC-045C8B86096E}.Debug|Any CPU.ActiveCfg = Debug|Any CPU
		{2AC886F0-2CD7-480B-8BFC-045C8B86096E}.Debug|Any CPU.Build.0 = Debug|Any CPU
		{2AC886F0-2CD7-480B-8BFC-045C8B86096E}.Release|Any CPU.ActiveCfg = Release|Any CPU
		{2AC886F0-2CD7-480B-8BFC-045C8B86096E}.Release|Any CPU.Build.0 = Release|Any CPU
		{4A554E61-8FD2-48B8-864F-648F8281B17F}.Debug|Any CPU.ActiveCfg = Debug|Any CPU
		{4A554E61-8FD2-48B8-864F-648F8281B17F}.Debug|Any CPU.Build.0 = Debug|Any CPU
		{4A554E61-8FD2-48B8-864F-648F8281B17F}.Release|Any CPU.ActiveCfg = Release|Any CPU
		{4A554E61-8FD2-48B8-864F-648F8281B17F}.Release|Any CPU.Build.0 = Release|Any CPU
	EndGlobalSection
	GlobalSection(SolutionProperties) = preSolution
		HideSolutionNode = FALSE
	EndGlobalSection
	GlobalSection(NestedProjects) = preSolution
		{EDFB1580-5A14-4F83-8F04-DDE29E6CA583} = {7760F11B-FBB2-4E30-A080-B2C6F9566375}
		{7D54B2E9-5976-4DF7-8DE5-A6E84F433A43} = {7760F11B-FBB2-4E30-A080-B2C6F9566375}
		{B6C9468A-BC6E-410B-8AD1-1B1D507A6B2F} = {7760F11B-FBB2-4E30-A080-B2C6F9566375}
		{338B0333-0E89-4E46-8E99-248D79198948} = {7760F11B-FBB2-4E30-A080-B2C6F9566375}
		{957FC4AD-F06F-438C-98FB-42C5CCBDAAB3} = {A0C77AE9-439D-4AA6-93D1-E460AB0ECD5D}
		{70A69B13-1A97-42C3-9568-E29C96680378} = {A0C77AE9-439D-4AA6-93D1-E460AB0ECD5D}
		{8812886C-8DEC-443D-814D-8ADFC8100C1F} = {A0C77AE9-439D-4AA6-93D1-E460AB0ECD5D}
		{AAB8D8ED-DFBD-48F5-8ED7-6676F8D2160F} = {A0C77AE9-439D-4AA6-93D1-E460AB0ECD5D}
		{54186D83-C604-4B53-85AE-4F8FEA7FAEB4} = {7760F11B-FBB2-4E30-A080-B2C6F9566375}
		{BC91296E-E9E8-439D-A730-41990CF34D8C} = {A0C77AE9-439D-4AA6-93D1-E460AB0ECD5D}
		{2AC886F0-2CD7-480B-8BFC-045C8B86096E} = {DE02C1D3-A7DE-4920-97B6-931AA8D0B54E}
		{4A554E61-8FD2-48B8-864F-648F8281B17F} = {DE02C1D3-A7DE-4920-97B6-931AA8D0B54E}
	EndGlobalSection
	GlobalSection(ExtensibilityGlobals) = postSolution
		SolutionGuid = {D834449E-E7D4-4019-9D8B-D3593C3DF635}
	EndGlobalSection
EndGlobal
